<Solution>
  <Folder Name="/contract-service/" />
  <Folder Name="/contract-service/src/">
    <Project Path="contract-service/src/ARCA.Contract/ARCA.Contract.csproj" />
  </Folder>
  <Folder Name="/employee-service/" />
  <Folder Name="/employee-service/src/">
    <Project Path="employee-service/src/ARCA.Employee/ARCA.Employee.csproj" />
  </Folder>
  <Folder Name="/vacation-service/" />
  <Folder Name="/vacation-service/src/">
    <Project Path="vacation-service/src/ARCA.Vacation/ARCA.Vacation.csproj" />
  </Folder>
</Solution>
